
Microsoft Visual Studio Solution File, Format Version 12.00
# Visual Studio Version 17
VisualStudioVersion = 17.8.34309.116
MinimumVisualStudioVersion = 10.0.40219.1
Project("{FAE04EC0-301F-11D3-BF4B-00C04F79EFBC}") = "ProiectBD", "ProiectBD.csproj", "{15DBD03E-C62C-4899-89CE-B6680C1F42BF}"
EndProject
Global
	GlobalSection(SolutionConfigurationPlatforms) = preSolution
		Debug|Any CPU = Debug|Any CPU
		Release|Any CPU = Release|Any CPU
	EndGlobalSection
	GlobalSection(ProjectConfigurationPlatforms) = postSolution
		{15DBD03E-C62C-4899-89CE-B6680C1F42BF}.Debug|Any CPU.ActiveCfg = Debug|Any CPU
		{15DBD03E-C62C-4899-89CE-B6680C1F42BF}.Debug|Any CPU.Build.0 = Debug|Any CPU
		{15DBD03E-C62C-4899-89CE-B6680C1F42BF}.Release|Any CPU.ActiveCfg = Release|Any CPU
		{15DBD03E-C62C-4899-89CE-B6680C1F42BF}.Release|Any CPU.Build.0 = Release|Any CPU
	EndGlobalSection
	GlobalSection(SolutionProperties) = preSolution
		HideSolutionNode = FALSE
	EndGlobalSection
	GlobalSection(ExtensibilityGlobals) = postSolution
		SolutionGuid = {304E96F1-71B1-4E2F-9F31-C2835C6CA519}
	EndGlobalSection
EndGlobal
